
Microsoft Visual Studio Solution File, Format Version 12.00
# Visual Studio Version 17
VisualStudioVersion = 17.14.36310.24 d17.14
MinimumVisualStudioVersion = 10.0.40219.1
Project("{FAE04EC0-301F-11D3-BF4B-00C04F79EFBC}") = "DemoMVC", "DemoMVC\DemoMVC.csproj", "{584F7D79-C727-4E7D-A401-E53115229EBF}"
EndProject
Global
	GlobalSection(SolutionConfigurationPlatforms) = preSolution
		Debug|Any CPU = Debug|Any CPU
		Release|Any CPU = Release|Any CPU
	EndGlobalSection
	GlobalSection(ProjectConfigurationPlatforms) = postSolution
		{584F7D79-C727-4E7D-A401-E53115229EBF}.Debug|Any CPU.ActiveCfg = Debug|Any CPU
		{584F7D79-C727-4E7D-A401-E53115229EBF}.Debug|Any CPU.Build.0 = Debug|Any CPU
		{584F7D79-C727-4E7D-A401-E53115229EBF}.Release|Any CPU.ActiveCfg = Release|Any CPU
		{584F7D79-C727-4E7D-A401-E53115229EBF}.Release|Any CPU.Build.0 = Release|Any CPU
	EndGlobalSection
	GlobalSection(SolutionProperties) = preSolution
		HideSolutionNode = FALSE
	EndGlobalSection
	GlobalSection(ExtensibilityGlobals) = postSolution
		SolutionGuid = {84A9FFCF-F764-4011-AD91-2B8CEAC796BE}
	EndGlobalSection
EndGlobal
